
Microsoft Visual Studio Solution File, Format Version 12.00
# Visual Studio Version 17
VisualStudioVersion = 17.8.34330.188
MinimumVisualStudioVersion = 10.0.40219.1
Project("{9A19103F-16F7-4668-BE54-9A1E7A4F7556}") = "GraphQLtest", "GraphQLtest\GraphQLtest.csproj", "{2F8FBDC6-4A54-4312-93C6-28D419027B6F}"
EndProject
Project("{9A19103F-16F7-4668-BE54-9A1E7A4F7556}") = "ODataExample", "ODataExample\ODataExample.csproj", "{25A9E5BC-496A-4445-85EA-F2A553B8EDD7}"
EndProject
Project("{9A19103F-16F7-4668-BE54-9A1E7A4F7556}") = "5 - Mutation", "5 - Mutation\5 - Mutation.csproj", "{601346BA-2FCD-4846-8ED9-FD2A1E6C5B55}"
EndProject
Project("{9A19103F-16F7-4668-BE54-9A1E7A4F7556}") = "6 - Souscription", "6 - Souscription\6 - Souscription.csproj", "{2EA7DDBB-D1CD-40F8-AA12-865FE40A8F16}"
EndProject
Project("{9A19103F-16F7-4668-BE54-9A1E7A4F7556}") = "9 - StrawberryShake", "9 - StrawberryShake\9 - StrawberryShake.csproj", "{A38D4471-0F3E-4B53-92E1-69925457618B}"
EndProject
Project("{9A19103F-16F7-4668-BE54-9A1E7A4F7556}") = "06.03.HotChocolateEntityFramework", "06.03.HotChocolateEntityFramework\06.03.HotChocolateEntityFramework.csproj", "{A75FD494-8795-4FE3-9D1A-26A50AF796C6}"
EndProject
Project("{9A19103F-16F7-4668-BE54-9A1E7A4F7556}") = "06.01.HotChocolateSetup", "06.HotChocolate\06.01.HotChocolateSetup.csproj", "{D36F9874-311C-4ACD-B18C-72A1B8546AE6}"
EndProject
Project("{9A19103F-16F7-4668-BE54-9A1E7A4F7556}") = "06.04.HotChocolateAzureFunction", "06.HotChocolateAzureFunction\06.04.HotChocolateAzureFunction.csproj", "{FE1F8651-5CC1-4227-94A8-6F1AA11D9430}"
EndProject
Project("{9A19103F-16F7-4668-BE54-9A1E7A4F7556}") = "06.02.HotChocolateDummyData", "06.HotChocolateDummyData\06.02.HotChocolateDummyData.csproj", "{54301721-C373-481C-AE8D-DBE2DB3B7354}"
EndProject
Global
	GlobalSection(SolutionConfigurationPlatforms) = preSolution
		Debug|Any CPU = Debug|Any CPU
		Release|Any CPU = Release|Any CPU
	EndGlobalSection
	GlobalSection(ProjectConfigurationPlatforms) = postSolution
		{2F8FBDC6-4A54-4312-93C6-28D419027B6F}.Debug|Any CPU.ActiveCfg = Debug|Any CPU
		{2F8FBDC6-4A54-4312-93C6-28D419027B6F}.Debug|Any CPU.Build.0 = Debug|Any CPU
		{2F8FBDC6-4A54-4312-93C6-28D419027B6F}.Release|Any CPU.ActiveCfg = Release|Any CPU
		{2F8FBDC6-4A54-4312-93C6-28D419027B6F}.Release|Any CPU.Build.0 = Release|Any CPU
		{25A9E5BC-496A-4445-85EA-F2A553B8EDD7}.Debug|Any CPU.ActiveCfg = Debug|Any CPU
		{25A9E5BC-496A-4445-85EA-F2A553B8EDD7}.Debug|Any CPU.Build.0 = Debug|Any CPU
		{25A9E5BC-496A-4445-85EA-F2A553B8EDD7}.Release|Any CPU.ActiveCfg = Release|Any CPU
		{25A9E5BC-496A-4445-85EA-F2A553B8EDD7}.Release|Any CPU.Build.0 = Release|Any CPU
		{601346BA-2FCD-4846-8ED9-FD2A1E6C5B55}.Debug|Any CPU.ActiveCfg = Debug|Any CPU
		{601346BA-2FCD-4846-8ED9-FD2A1E6C5B55}.Debug|Any CPU.Build.0 = Debug|Any CPU
		{601346BA-2FCD-4846-8ED9-FD2A1E6C5B55}.Release|Any CPU.ActiveCfg = Release|Any CPU
		{601346BA-2FCD-4846-8ED9-FD2A1E6C5B55}.Release|Any CPU.Build.0 = Release|Any CPU
		{2EA7DDBB-D1CD-40F8-AA12-865FE40A8F16}.Debug|Any CPU.ActiveCfg = Debug|Any CPU
		{2EA7DDBB-D1CD-40F8-AA12-865FE40A8F16}.Debug|Any CPU.Build.0 = Debug|Any CPU
		{2EA7DDBB-D1CD-40F8-AA12-865FE40A8F16}.Release|Any CPU.ActiveCfg = Release|Any CPU
		{2EA7DDBB-D1CD-40F8-AA12-865FE40A8F16}.Release|Any CPU.Build.0 = Release|Any CPU
		{A38D4471-0F3E-4B53-92E1-69925457618B}.Debug|Any CPU.ActiveCfg = Debug|Any CPU
		{A38D4471-0F3E-4B53-92E1-69925457618B}.Debug|Any CPU.Build.0 = Debug|Any CPU
		{A38D4471-0F3E-4B53-92E1-69925457618B}.Release|Any CPU.ActiveCfg = Release|Any CPU
		{A38D4471-0F3E-4B53-92E1-69925457618B}.Release|Any CPU.Build.0 = Release|Any CPU
		{A75FD494-8795-4FE3-9D1A-26A50AF796C6}.Debug|Any CPU.ActiveCfg = Debug|Any CPU
		{A75FD494-8795-4FE3-9D1A-26A50AF796C6}.Debug|Any CPU.Build.0 = Debug|Any CPU
		{A75FD494-8795-4FE3-9D1A-26A50AF796C6}.Release|Any CPU.ActiveCfg = Release|Any CPU
		{A75FD494-8795-4FE3-9D1A-26A50AF796C6}.Release|Any CPU.Build.0 = Release|Any CPU
		{D36F9874-311C-4ACD-B18C-72A1B8546AE6}.Debug|Any CPU.ActiveCfg = Debug|Any CPU
		{D36F9874-311C-4ACD-B18C-72A1B8546AE6}.Debug|Any CPU.Build.0 = Debug|Any CPU
		{D36F9874-311C-4ACD-B18C-72A1B8546AE6}.Release|Any CPU.ActiveCfg = Release|Any CPU
		{D36F9874-311C-4ACD-B18C-72A1B8546AE6}.Release|Any CPU.Build.0 = Release|Any CPU
		{FE1F8651-5CC1-4227-94A8-6F1AA11D9430}.Debug|Any CPU.ActiveCfg = Debug|Any CPU
		{FE1F8651-5CC1-4227-94A8-6F1AA11D9430}.Debug|Any CPU.Build.0 = Debug|Any CPU
		{FE1F8651-5CC1-4227-94A8-6F1AA11D9430}.Release|Any CPU.ActiveCfg = Release|Any CPU
		{FE1F8651-5CC1-4227-94A8-6F1AA11D9430}.Release|Any CPU.Build.0 = Release|Any CPU
		{54301721-C373-481C-AE8D-DBE2DB3B7354}.Debug|Any CPU.ActiveCfg = Debug|Any CPU
		{54301721-C373-481C-AE8D-DBE2DB3B7354}.Debug|Any CPU.Build.0 = Debug|Any CPU
		{54301721-C373-481C-AE8D-DBE2DB3B7354}.Release|Any CPU.ActiveCfg = Release|Any CPU
		{54301721-C373-481C-AE8D-DBE2DB3B7354}.Release|Any CPU.Build.0 = Release|Any CPU
	EndGlobalSection
	GlobalSection(SolutionProperties) = preSolution
		HideSolutionNode = FALSE
	EndGlobalSection
	GlobalSection(ExtensibilityGlobals) = postSolution
		SolutionGuid = {32F58A77-1A27-42D1-BB0B-F02B81396ECA}
	EndGlobalSection
EndGlobal
